// !$*UTF8*$!
{
	archiveVersion = 1;
	classes = {
	};
	objectVersion = 46;
	objects = {

/* Begin PBXBuildFile section */
		650ED4FC1C722BEB00644AB8 /* ChosenLocations.swift in Sources */ = {isa = PBXBuildFile; fileRef = 650ED4FB1C722BEB00644AB8 /* ChosenLocations.swift */; };
		6517835B1C6DBEF3006D55CD /* WebViewController.swift in Sources */ = {isa = PBXBuildFile; fileRef = 6517835A1C6DBEF3006D55CD /* WebViewController.swift */; };
		6517835D1C6DC07B006D55CD /* WebKit.framework in Frameworks */ = {isa = PBXBuildFile; fileRef = 6517835C1C6DC07B006D55CD /* WebKit.framework */; };
		6517835E1C6DC083006D55CD /* MapKit.framework in Frameworks */ = {isa = PBXBuildFile; fileRef = 6556B6481C6B882A00A6AAB8 /* MapKit.framework */; };
		6556B64B1C6B950300A6AAB8 /* MapViewController.swift in Sources */ = {isa = PBXBuildFile; fileRef = 6556B64A1C6B950300A6AAB8 /* MapViewController.swift */; };
		655D1E7F1C650B5000C29260 /* ConversionViewController.swift in Sources */ = {isa = PBXBuildFile; fileRef = 655D1E7E1C650B5000C29260 /* ConversionViewController.swift */; };
		65C3F3181C6250F700DBBC07 /* AppDelegate.swift in Sources */ = {isa = PBXBuildFile; fileRef = 65C3F3171C6250F700DBBC07 /* AppDelegate.swift */; };
		65C3F31D1C6250F700DBBC07 /* Main.storyboard in Resources */ = {isa = PBXBuildFile; fileRef = 65C3F31B1C6250F700DBBC07 /* Main.storyboard */; };
		65C3F31F1C6250F700DBBC07 /* Assets.xcassets in Resources */ = {isa = PBXBuildFile; fileRef = 65C3F31E1C6250F700DBBC07 /* Assets.xcassets */; };
		65C3F3221C6250F700DBBC07 /* LaunchScreen.storyboard in Resources */ = {isa = PBXBuildFile; fileRef = 65C3F3201C6250F700DBBC07 /* LaunchScreen.storyboard */; };
/* End PBXBuildFile section */

/* Begin PBXFileReference section */
		650ED4FB1C722BEB00644AB8 /* ChosenLocations.swift */ = {isa = PBXFileReference; fileEncoding = 4; lastKnownFileType = sourcecode.swift; path = ChosenLocations.swift; sourceTree = "<group>"; };
		6517835A1C6DBEF3006D55CD /* WebViewController.swift */ = {isa = PBXFileReference; fileEncoding = 4; lastKnownFileType = sourcecode.swift; path = WebViewController.swift; sourceTree = "<group>"; };
		6517835C1C6DC07B006D55CD /* WebKit.framework */ = {isa = PBXFileReference; lastKnownFileType = wrapper.framework; name = WebKit.framework; path = System/Library/Frameworks/WebKit.framework; sourceTree = SDKROOT; };
		6556B6481C6B882A00A6AAB8 /* MapKit.framework */ = {isa = PBXFileReference; lastKnownFileType = wrapper.framework; name = MapKit.framework; path = System/Library/Frameworks/MapKit.framework; sourceTree = SDKROOT; };
		6556B64A1C6B950300A6AAB8 /* MapViewController.swift */ = {isa = PBXFileReference; fileEncoding = 4; lastKnownFileType = sourcecode.swift; path = MapViewController.swift; sourceTree = "<group>"; };
		655D1E7E1C650B5000C29260 /* ConversionViewController.swift */ = {isa = PBXFileReference; fileEncoding = 4; lastKnownFileType = sourcecode.swift; path = ConversionViewController.swift; sourceTree = "<group>"; };
		65C3F3141C6250F700DBBC07 /* BNR_WorldTrotter.app */ = {isa = PBXFileReference; explicitFileType = wrapper.application; includeInIndex = 0; path = BNR_WorldTrotter.app; sourceTree = BUILT_PRODUCTS_DIR; };
		65C3F3171C6250F700DBBC07 /* AppDelegate.swift */ = {isa = PBXFileReference; lastKnownFileType = sourcecode.swift; path = AppDelegate.swift; sourceTree = "<group>"; };
		65C3F31C1C6250F700DBBC07 /* Base */ = {isa = PBXFileReference; lastKnownFileType = file.storyboard; name = Base; path = Base.lproj/Main.storyboard; sourceTree = "<group>"; };
		65C3F31E1C6250F700DBBC07 /* Assets.xcassets */ = {isa = PBXFileReference; lastKnownFileType = folder.assetcatalog; path = Assets.xcassets; sourceTree = "<group>"; };
		65C3F3211C6250F700DBBC07 /* Base */ = {isa = PBXFileReference; lastKnownFileType = file.storyboard; name = Base; path = Base.lproj/LaunchScreen.storyboard; sourceTree = "<group>"; };
		65C3F3231C6250F700DBBC07 /* Info.plist */ = {isa = PBXFileReference; lastKnownFileType = text.plist.xml; path = Info.plist; sourceTree = "<group>"; };
/* End PBXFileReference section */

/* Begin PBXFrameworksBuildPhase section */
		65C3F3111C6250F700DBBC07 /* Frameworks */ = {
			isa = PBXFrameworksBuildPhase;
			buildActionMask = 2147483647;
			files = (
				6517835E1C6DC083006D55CD /* MapKit.framework in Frameworks */,
				6517835D1C6DC07B006D55CD /* WebKit.framework in Frameworks */,
			);
			runOnlyForDeploymentPostprocessing = 0;
		};
/* End PBXFrameworksBuildPhase section */

/* Begin PBXGroup section */
		65C3F30B1C6250F700DBBC07 = {
			isa = PBXGroup;
			children = (
				6517835C1C6DC07B006D55CD /* WebKit.framework */,
				6556B6481C6B882A00A6AAB8 /* MapKit.framework */,
				65C3F3161C6250F700DBBC07 /* BNR_WorldTrotter */,
				65C3F3151C6250F700DBBC07 /* Products */,
			);
			sourceTree = "<group>";
		};
		65C3F3151C6250F700DBBC07 /* Products */ = {
			isa = PBXGroup;
			children = (
				65C3F3141C6250F700DBBC07 /* BNR_WorldTrotter.app */,
			);
			name = Products;
			sourceTree = "<group>";
		};
		65C3F3161C6250F700DBBC07 /* BNR_WorldTrotter */ = {
			isa = PBXGroup;
			children = (
				65C3F3171C6250F700DBBC07 /* AppDelegate.swift */,
				655D1E7E1C650B5000C29260 /* ConversionViewController.swift */,
				6556B64A1C6B950300A6AAB8 /* MapViewController.swift */,
				6517835A1C6DBEF3006D55CD /* WebViewController.swift */,
				650ED4FB1C722BEB00644AB8 /* ChosenLocations.swift */,
				65C3F31B1C6250F700DBBC07 /* Main.storyboard */,
				65C3F31E1C6250F700DBBC07 /* Assets.xcassets */,
				65C3F3201C6250F700DBBC07 /* LaunchScreen.storyboard */,
				65C3F3231C6250F700DBBC07 /* Info.plist */,
			);
			path = BNR_WorldTrotter;
			sourceTree = "<group>";
		};
/* End PBXGroup section */

/* Begin PBXNativeTarget section */
		65C3F3131C6250F700DBBC07 /* BNR_WorldTrotter */ = {
			isa = PBXNativeTarget;
			buildConfigurationList = 65C3F3261C6250F700DBBC07 /* Build configuration list for PBXNativeTarget "BNR_WorldTrotter" */;
			buildPhases = (
				65C3F3101C6250F700DBBC07 /* Sources */,
				65C3F3111C6250F700DBBC07 /* Frameworks */,
				65C3F3121C6250F700DBBC07 /* Resources */,
			);
			buildRules = (
			);
			dependencies = (
			);
			name = BNR_WorldTrotter;
			productName = BNR_WorldTrotter;
			productReference = 65C3F3141C6250F700DBBC07 /* BNR_WorldTrotter.app */;
			productType = "com.apple.product-type.application";
		};
/* End PBXNativeTarget section */

/* Begin PBXProject section */
		65C3F30C1C6250F700DBBC07 /* Project object */ = {
			isa = PBXProject;
			attributes = {
				LastSwiftUpdateCheck = 0720;
				LastUpgradeCheck = 0720;
				ORGANIZATIONNAME = "Yohannes Wijaya";
				TargetAttributes = {
					65C3F3131C6250F700DBBC07 = {
						CreatedOnToolsVersion = 7.2.1;
						DevelopmentTeam = 4Z5JKF2M6S;
					};
				};
			};
			buildConfigurationList = 65C3F30F1C6250F700DBBC07 /* Build configuration list for PBXProject "BNR_WorldTrotter" */;
			compatibilityVersion = "Xcode 3.2";
			developmentRegion = English;
			hasScannedForEncodings = 0;
			knownRegions = (
				en,
				Base,
			);
			mainGroup = 65C3F30B1C6250F700DBBC07;
			productRefGroup = 65C3F3151C6250F700DBBC07 /* Products */;
			projectDirPath = "";
			projectRoot = "";
			targets = (
				65C3F3131C6250F700DBBC07 /* BNR_WorldTrotter */,
			);
		};
/* End PBXProject section */

/* Begin PBXResourcesBuildPhase section */
		65C3F3121C6250F700DBBC07 /* Resources */ = {
			isa = PBXResourcesBuildPhase;
			buildActionMask = 2147483647;
			files = (
				65C3F3221C6250F700DBBC07 /* LaunchScreen.storyboard in Resources */,
				65C3F31F1C6250F700DBBC07 /* Assets.xcassets in Resources */,
				65C3F31D1C6250F700DBBC07 /* Main.storyboard in Resources */,
			);
			runOnlyForDeploymentPostprocessing = 0;
		};
/* End PBXResourcesBuildPhase section */

/* Begin PBXSourcesBuildPhase section */
		65C3F3101C6250F700DBBC07 /* Sources */ = {
			isa = PBXSourcesBuildPhase;
			buildActionMask = 2147483647;
			files = (
				655D1E7F1C650B5000C29260 /* ConversionViewController.swift in Sources */,
				6556B64B1C6B950300A6AAB8 /* MapViewController.swift in Sources */,
				65C3F3181C6250F700DBBC07 /* AppDelegate.swift in Sources */,
				650ED4FC1C722BEB00644AB8 /* ChosenLocations.swift in Sources */,
				6517835B1C6DBEF3006D55CD /* WebViewController.swift in Sources */,
			);
			runOnlyForDeploymentPostprocessing = 0;
		};
/* End PBXSourcesBuildPhase section */

/* Begin PBXVariantGroup section */
		65C3F31B1C6250F700DBBC07 /* Main.storyboard */ = {
			isa = PBXVariantGroup;
			children = (
				65C3F31C1C6250F700DBBC07 /* Base */,
			);
			name = Main.storyboard;
			sourceTree = "<group>";
		};
		65C3F3201C6250F700DBBC07 /* LaunchScreen.storyboard */ = {
			isa = PBXVariantGroup;
			children = (
				65C3F3211C6250F700DBBC07 /* Base */,
			);
			name = LaunchScreen.storyboard;
			sourceTree = "<group>";
		};
/* End PBXVariantGroup section */

/* Begin XCBuildConfiguration section */
		65C3F3241C6250F700DBBC07 /* Debug */ = {
			isa = XCBuildConfiguration;
			buildSettings = {
				ALWAYS_SEARCH_USER_PATHS = NO;
				CLANG_CXX_LANGUAGE_STANDARD = "gnu++0x";
				CLANG_CXX_LIBRARY = "libc++";
				CLANG_ENABLE_MODULES = YES;
				CLANG_ENABLE_OBJC_ARC = YES;
				CLANG_WARN_BOOL_CONVERSION = YES;
				CLANG_WARN_CONSTANT_CONVERSION = YES;
				CLANG_WARN_DIRECT_OBJC_ISA_USAGE = YES_ERROR;
				CLANG_WARN_EMPTY_BODY = YES;
				CLANG_WARN_ENUM_CONVERSION = YES;
				CLANG_WARN_INT_CONVERSION = YES;
				CLANG_WARN_OBJC_ROOT_CLASS = YES_ERROR;
				CLANG_WARN_UNREACHABLE_CODE = YES;
				CLANG_WARN__DUPLICATE_METHOD_MATCH = YES;
				"CODE_SIGN_IDENTITY[sdk=iphoneos*]" = "iPhone Developer";
				COPY_PHASE_STRIP = NO;
				DEBUG_INFORMATION_FORMAT = dwarf;
				ENABLE_STRICT_OBJC_MSGSEND = YES;
				ENABLE_TESTABILITY = YES;
				GCC_C_LANGUAGE_STANDARD = gnu99;
				GCC_DYNAMIC_NO_PIC = NO;
				GCC_NO_COMMON_BLOCKS = YES;
				GCC_OPTIMIZATION_LEVEL = 0;
				GCC_PREPROCESSOR_DEFINITIONS = (
					"DEBUG=1",
					"$(inherited)",
				);
				GCC_WARN_64_TO_32_BIT_CONVERSION = YES;
				GCC_WARN_ABOUT_RETURN_TYPE = YES_ERROR;
				GCC_WARN_UNDECLARED_SELECTOR = YES;
				GCC_WARN_UNINITIALIZED_AUTOS = YES_AGGRESSIVE;
				GCC_WARN_UNUSED_FUNCTION = YES;
				GCC_WARN_UNUSED_VARIABLE = YES;
				IPHONEOS_DEPLOYMENT_TARGET = 9.2;
				MTL_ENABLE_DEBUG_INFO = YES;
				ONLY_ACTIVE_ARCH = YES;
				SDKROOT = iphoneos;
				SWIFT_OPTIMIZATION_LEVEL = "-Onone";
			};
			name = Debug;
		};
		65C3F3251C6250F700DBBC07 /* Release */ = {
			isa = XCBuildConfiguration;
			buildSettings = {
				ALWAYS_SEARCH_USER_PATHS = NO;
				CLANG_CXX_LANGUAGE_STANDARD = "gnu++0x";
				CLANG_CXX_LIBRARY = "libc++";
				CLANG_ENABLE_MODULES = YES;
				CLANG_ENABLE_OBJC_ARC = YES;
				CLANG_WARN_BOOL_CONVERSION = YES;
				CLANG_WARN_CONSTANT_CONVERSION = YES;
				CLANG_WARN_DIRECT_OBJC_ISA_USAGE = YES_ERROR;
				CLANG_WARN_EMPTY_BODY = YES;
				CLANG_WARN_ENUM_CONVERSION = YES;
				CLANG_WARN_INT_CONVERSION = YES;
				CLANG_WARN_OBJC_ROOT_CLASS = YES_ERROR;
				CLANG_WARN_UNREACHABLE_CODE = YES;
				CLANG_WARN__DUPLICATE_METHOD_MATCH = YES;
				"CODE_SIGN_IDENTITY[sdk=iphoneos*]" = "iPhone Developer";
				COPY_PHASE_STRIP = NO;
				DEBUG_INFORMATION_FORMAT = "dwarf-with-dsym";
				ENABLE_NS_ASSERTIONS = NO;
				ENABLE_STRICT_OBJC_MSGSEND = YES;
				GCC_C_LANGUAGE_STANDARD = gnu99;
				GCC_NO_COMMON_BLOCKS = YES;
				GCC_WARN_64_TO_32_BIT_CONVERSION = YES;
				GCC_WARN_ABOUT_RETURN_TYPE = YES_ERROR;
				GCC_WARN_UNDECLARED_SELECTOR = YES;
				GCC_WARN_UNINITIALIZED_AUTOS = YES_AGGRESSIVE;
				GCC_WARN_UNUSED_FUNCTION = YES;
				GCC_WARN_UNUSED_VARIABLE = YES;
				IPHONEOS_DEPLOYMENT_TARGET = 9.2;
				MTL_ENABLE_DEBUG_INFO = NO;
				SDKROOT = iphoneos;
				VALIDATE_PRODUCT = YES;
			};
			name = Release;
		};
		65C3F3271C6250F700DBBC07 /* Debug */ = {
			isa = XCBuildConfiguration;
			buildSettings = {
				ASSETCATALOG_COMPILER_APPICON_NAME = AppIcon;
				INFOPLIST_FILE = BNR_WorldTrotter/Info.plist;
				IPHONEOS_DEPLOYMENT_TARGET = 9.0;
				LD_RUNPATH_SEARCH_PATHS = "$(inherited) @executable_path/Frameworks";
				PRODUCT_BUNDLE_IDENTIFIER = "self.fearless.BNR-WorldTrotter";
				PRODUCT_NAME = "$(TARGET_NAME)";
			};
			name = Debug;
		};
		65C3F3281C6250F700DBBC07 /* Release */ = {
			isa = XCBuildConfiguration;
			buildSettings = {
				ASSETCATALOG_COMPILER_APPICON_NAME = AppIcon;
				INFOPLIST_FILE = BNR_WorldTrotter/Info.plist;
				IPHONEOS_DEPLOYMENT_TARGET = 9.0;
				LD_RUNPATH_SEARCH_PATHS = "$(inherited) @executable_path/Frameworks";
				PRODUCT_BUNDLE_IDENTIFIER = "self.fearless.BNR-WorldTrotter";
				PRODUCT_NAME = "$(TARGET_NAME)";
			};
			name = Release;
		};
/* End XCBuildConfiguration section */

/* Begin XCConfigurationList section */
		65C3F30F1C6250F700DBBC07 /* Build configuration list for PBXProject "BNR_WorldTrotter" */ = {
			isa = XCConfigurationList;
			buildConfigurations = (
				65C3F3241C6250F700DBBC07 /* Debug */,
				65C3F3251C6250F700DBBC07 /* Release */,
			);
			defaultConfigurationIsVisible = 0;
			defaultConfigurationName = Release;
		};
		65C3F3261C6250F700DBBC07 /* Build configuration list for PBXNativeTarget "BNR_WorldTrotter" */ = {
			isa = XCConfigurationList;
			buildConfigurations = (
				65C3F3271C6250F700DBBC07 /* Debug */,
				65C3F3281C6250F700DBBC07 /* Release */,
			);
			defaultConfigurationIsVisible = 0;
			defaultConfigurationName = Release;
		};
/* End XCConfigurationList section */
	};
	rootObject = 65C3F30C1C6250F700DBBC07 /* Project object */;
}
